// !$*UTF8*$!
{
	archiveVersion = 1;
	classes = {
	};
	objectVersion = 77;
	objects = {

/* Begin PBXBuildFile section */
		3C9200F62FE193D30015358A /* AppDelegate.swift in Sources */ = {isa = PBXBuildFile; fileRef = 3C9200F52FE193D30015358A /* AppDelegate.swift */; };
		3C9200FA2FE193D30015358A /* Main.html in Resources */ = {isa = PBXBuildFile; fileRef = 3C9200F82FE193D30015358A /* Main.html */; };
		3C9200FC2FE193D30015358A /* Icon.png in Resources */ = {isa = PBXBuildFile; fileRef = 3C9200FB2FE193D30015358A /* Icon.png */; };
		3C9200FE2FE193D30015358A /* Style.css in Resources */ = {isa = PBXBuildFile; fileRef = 3C9200FD2FE193D30015358A /* Style.css */; };
		3C9201002FE193D30015358A /* Script.js in Resources */ = {isa = PBXBuildFile; fileRef = 3C9200FF2FE193D30015358A /* Script.js */; };
		3C9201022FE193D30015358A /* ViewController.swift in Sources */ = {isa = PBXBuildFile; fileRef = 3C9201012FE193D30015358A /* ViewController.swift */; };
		3C9201052FE193D30015358A /* Main.storyboard in Resources */ = {isa = PBXBuildFile; fileRef = 3C9201032FE193D30015358A /* Main.storyboard */; };
		3C9201072FE193D40015358A /* Assets.xcassets in Resources */ = {isa = PBXBuildFile; fileRef = 3C9201062FE193D40015358A /* Assets.xcassets */; };
		3C92010E2FE193D40015358A /* Rakuzaichi Extension.appex in Embed Foundation Extensions */ = {isa = PBXBuildFile; fileRef = 3C92010D2FE193D40015358A /* Rakuzaichi Extension.appex */; settings = {ATTRIBUTES = (RemoveHeadersOnCopy, ); }; };
		3C9201132FE193D40015358A /* SafariWebExtensionHandler.swift in Sources */ = {isa = PBXBuildFile; fileRef = 3C9201122FE193D40015358A /* SafariWebExtensionHandler.swift */; };
		3C92013C2FE193D50015358A /* background-core.js in Resources */ = {isa = PBXBuildFile; fileRef = 3C92011F2FE193D50015358A /* background-core.js */; };
		3C92013D2FE193D50015358A /* ui in Resources */ = {isa = PBXBuildFile; fileRef = 3C9201202FE193D50015358A /* ui */; };
		3C92013E2FE193D50015358A /* options in Resources */ = {isa = PBXBuildFile; fileRef = 3C9201212FE193D50015358A /* options */; };
		3C92013F2FE193D50015358A /* platforms in Resources */ = {isa = PBXBuildFile; fileRef = 3C9201222FE193D50015358A /* platforms */; };
		3C9201402FE193D50015358A /* popup.js in Resources */ = {isa = PBXBuildFile; fileRef = 3C9201232FE193D50015358A /* popup.js */; };
		3C9201412FE193D50015358A /* logger.js in Resources */ = {isa = PBXBuildFile; fileRef = 3C9201242FE193D50015358A /* logger.js */; };
		3C9201422FE193D50015358A /* obsidian-sync.js in Resources */ = {isa = PBXBuildFile; fileRef = 3C9201252FE193D50015358A /* obsidian-sync.js */; };
		3C9201432FE193D50015358A /* styles.css in Resources */ = {isa = PBXBuildFile; fileRef = 3C9201262FE193D50015358A /* styles.css */; };
		3C9201442FE193D50015358A /* backup.js in Resources */ = {isa = PBXBuildFile; fileRef = 3C9201272FE193D50015358A /* backup.js */; };
		3C9201452FE193D50015358A /* popup.html in Resources */ = {isa = PBXBuildFile; fileRef = 3C9201282FE193D50015358A /* popup.html */; };
		3C9201462FE193D50015358A /* options.js in Resources */ = {isa = PBXBuildFile; fileRef = 3C9201292FE193D50015358A /* options.js */; };
		3C9201472FE193D50015358A /* compat.js in Resources */ = {isa = PBXBuildFile; fileRef = 3C92012A2FE193D50015358A /* compat.js */; };
		3C9201482FE193D50015358A /* threads in Resources */ = {isa = PBXBuildFile; fileRef = 3C92012B2FE193D50015358A /* threads */; };
		3C9201492FE193D50015358A /* converters.js in Resources */ = {isa = PBXBuildFile; fileRef = 3C92012C2FE193D50015358A /* converters.js */; };
		3C92014A2FE193D50015358A /* schema.js in Resources */ = {isa = PBXBuildFile; fileRef = 3C92012D2FE193D50015358A /* schema.js */; };
		3C92014B2FE193D50015358A /* history.js in Resources */ = {isa = PBXBuildFile; fileRef = 3C92012E2FE193D50015358A /* history.js */; };
		3C92014C2FE193D50015358A /* filename.js in Resources */ = {isa = PBXBuildFile; fileRef = 3C92012F2FE193D50015358A /* filename.js */; };
		3C92014D2FE193D50015358A /* manifest.json in Resources */ = {isa = PBXBuildFile; fileRef = 3C9201302FE193D50015358A /* manifest.json */; };
		3C92014E2FE193D50015358A /* dom-utils.js in Resources */ = {isa = PBXBuildFile; fileRef = 3C9201312FE193D50015358A /* dom-utils.js */; };
		3C92014F2FE193D50015358A /* content-script.js in Resources */ = {isa = PBXBuildFile; fileRef = 3C9201322FE193D50015358A /* content-script.js */; };
		3C9201502FE193D50015358A /* options.html in Resources */ = {isa = PBXBuildFile; fileRef = 3C9201332FE193D50015358A /* options.html */; };
		3C9201512FE193D50015358A /* icon in Resources */ = {isa = PBXBuildFile; fileRef = 3C9201342FE193D50015358A /* icon */; };
		3C9201522FE193D50015358A /* zip.js in Resources */ = {isa = PBXBuildFile; fileRef = 3C9201352FE193D50015358A /* zip.js */; };
		3C9201532FE193D50015358A /* extraction in Resources */ = {isa = PBXBuildFile; fileRef = 3C9201362FE193D50015358A /* extraction */; };
		3C9201542FE193D50015358A /* options.css in Resources */ = {isa = PBXBuildFile; fileRef = 3C9201372FE193D50015358A /* options.css */; };
		3C9201552FE193D50015358A /* background-sw.js in Resources */ = {isa = PBXBuildFile; fileRef = 3C9201382FE193D50015358A /* background-sw.js */; };
		3C9201562FE193D50015358A /* vendor in Resources */ = {isa = PBXBuildFile; fileRef = 3C9201392FE193D50015358A /* vendor */; };
		3C9201572FE193D50015358A /* vault in Resources */ = {isa = PBXBuildFile; fileRef = 3C92013A2FE193D50015358A /* vault */; };
		3C9201582FE193D50015358A /* storage.js in Resources */ = {isa = PBXBuildFile; fileRef = 3C92013B2FE193D50015358A /* storage.js */; };
/* End PBXBuildFile section */

/* Begin PBXContainerItemProxy section */
		3C92010F2FE193D40015358A /* PBXContainerItemProxy */ = {
			isa = PBXContainerItemProxy;
			containerPortal = 3C9200EA2FE193D30015358A /* Project object */;
			proxyType = 1;
			remoteGlobalIDString = 3C92010C2FE193D40015358A;
			remoteInfo = "Rakuzaichi Extension";
		};
/* End PBXContainerItemProxy section */

/* Begin PBXCopyFilesBuildPhase section */
		3C92011A2FE193D40015358A /* Embed Foundation Extensions */ = {
			isa = PBXCopyFilesBuildPhase;
			buildActionMask = 2147483647;
			dstPath = "";
			dstSubfolderSpec = 13;
			files = (
				3C92010E2FE193D40015358A /* Rakuzaichi Extension.appex in Embed Foundation Extensions */,
			);
			name = "Embed Foundation Extensions";
			runOnlyForDeploymentPostprocessing = 0;
		};
/* End PBXCopyFilesBuildPhase section */

/* Begin PBXFileReference section */
		3C9200F22FE193D30015358A /* Rakuzaichi.app */ = {isa = PBXFileReference; explicitFileType = wrapper.application; includeInIndex = 0; path = Rakuzaichi.app; sourceTree = BUILT_PRODUCTS_DIR; };
		3C9200F52FE193D30015358A /* AppDelegate.swift */ = {isa = PBXFileReference; lastKnownFileType = sourcecode.swift; path = AppDelegate.swift; sourceTree = "<group>"; };
		3C9200F92FE193D30015358A /* Base */ = {isa = PBXFileReference; lastKnownFileType = text.html; name = Base; path = Base.lproj/Main.html; sourceTree = "<group>"; };
		3C9200FB2FE193D30015358A /* Icon.png */ = {isa = PBXFileReference; lastKnownFileType = image.png; path = Icon.png; sourceTree = "<group>"; };
		3C9200FD2FE193D30015358A /* Style.css */ = {isa = PBXFileReference; lastKnownFileType = text.css; path = Style.css; sourceTree = "<group>"; };
		3C9200FF2FE193D30015358A /* Script.js */ = {isa = PBXFileReference; lastKnownFileType = sourcecode.javascript; path = Script.js; sourceTree = "<group>"; };
		3C9201012FE193D30015358A /* ViewController.swift */ = {isa = PBXFileReference; lastKnownFileType = sourcecode.swift; path = ViewController.swift; sourceTree = "<group>"; };
		3C9201042FE193D30015358A /* Base */ = {isa = PBXFileReference; lastKnownFileType = file.storyboard; name = Base; path = Base.lproj/Main.storyboard; sourceTree = "<group>"; };
		3C9201062FE193D40015358A /* Assets.xcassets */ = {isa = PBXFileReference; lastKnownFileType = folder.assetcatalog; path = Assets.xcassets; sourceTree = "<group>"; };
		3C9201082FE193D40015358A /* Info.plist */ = {isa = PBXFileReference; lastKnownFileType = text.plist.xml; path = Info.plist; sourceTree = "<group>"; };
		3C92010D2FE193D40015358A /* Rakuzaichi Extension.appex */ = {isa = PBXFileReference; explicitFileType = "wrapper.app-extension"; includeInIndex = 0; path = "Rakuzaichi Extension.appex"; sourceTree = BUILT_PRODUCTS_DIR; };
		3C9201122FE193D40015358A /* SafariWebExtensionHandler.swift */ = {isa = PBXFileReference; lastKnownFileType = sourcecode.swift; path = SafariWebExtensionHandler.swift; sourceTree = "<group>"; };
		3C9201142FE193D40015358A /* Info.plist */ = {isa = PBXFileReference; lastKnownFileType = text.plist.xml; path = Info.plist; sourceTree = "<group>"; };
		3C92011F2FE193D50015358A /* background-core.js */ = {isa = PBXFileReference; lastKnownFileType = sourcecode.javascript; name = "background-core.js"; path = "Resources/background-core.js"; sourceTree = "<group>"; };
		3C9201202FE193D50015358A /* ui */ = {isa = PBXFileReference; lastKnownFileType = folder; name = ui; path = Resources/ui; sourceTree = "<group>"; };
		3C9201212FE193D50015358A /* options */ = {isa = PBXFileReference; lastKnownFileType = folder; name = options; path = Resources/options; sourceTree = "<group>"; };
		3C9201222FE193D50015358A /* platforms */ = {isa = PBXFileReference; lastKnownFileType = folder; name = platforms; path = Resources/platforms; sourceTree = "<group>"; };
		3C9201232FE193D50015358A /* popup.js */ = {isa = PBXFileReference; lastKnownFileType = sourcecode.javascript; name = popup.js; path = Resources/popup.js; sourceTree = "<group>"; };
		3C9201242FE193D50015358A /* logger.js */ = {isa = PBXFileReference; lastKnownFileType = sourcecode.javascript; name = logger.js; path = Resources/logger.js; sourceTree = "<group>"; };
		3C9201252FE193D50015358A /* obsidian-sync.js */ = {isa = PBXFileReference; lastKnownFileType = sourcecode.javascript; name = "obsidian-sync.js"; path = "Resources/obsidian-sync.js"; sourceTree = "<group>"; };
		3C9201262FE193D50015358A /* styles.css */ = {isa = PBXFileReference; lastKnownFileType = text.css; name = styles.css; path = Resources/styles.css; sourceTree = "<group>"; };
		3C9201272FE193D50015358A /* backup.js */ = {isa = PBXFileReference; lastKnownFileType = sourcecode.javascript; name = backup.js; path = Resources/backup.js; sourceTree = "<group>"; };
		3C9201282FE193D50015358A /* popup.html */ = {isa = PBXFileReference; lastKnownFileType = text.html; name = popup.html; path = Resources/popup.html; sourceTree = "<group>"; };
		3C9201292FE193D50015358A /* options.js */ = {isa = PBXFileReference; lastKnownFileType = sourcecode.javascript; name = options.js; path = Resources/options.js; sourceTree = "<group>"; };
		3C92012A2FE193D50015358A /* compat.js */ = {isa = PBXFileReference; lastKnownFileType = sourcecode.javascript; name = compat.js; path = Resources/compat.js; sourceTree = "<group>"; };
		3C92012B2FE193D50015358A /* threads */ = {isa = PBXFileReference; lastKnownFileType = folder; name = threads; path = Resources/threads; sourceTree = "<group>"; };
		3C92012C2FE193D50015358A /* converters.js */ = {isa = PBXFileReference; lastKnownFileType = sourcecode.javascript; name = converters.js; path = Resources/converters.js; sourceTree = "<group>"; };
		3C92012D2FE193D50015358A /* schema.js */ = {isa = PBXFileReference; lastKnownFileType = sourcecode.javascript; name = schema.js; path = Resources/schema.js; sourceTree = "<group>"; };
		3C92012E2FE193D50015358A /* history.js */ = {isa = PBXFileReference; lastKnownFileType = sourcecode.javascript; name = history.js; path = Resources/history.js; sourceTree = "<group>"; };
		3C92012F2FE193D50015358A /* filename.js */ = {isa = PBXFileReference; lastKnownFileType = sourcecode.javascript; name = filename.js; path = Resources/filename.js; sourceTree = "<group>"; };
		3C9201302FE193D50015358A /* manifest.json */ = {isa = PBXFileReference; lastKnownFileType = text.json; name = manifest.json; path = Resources/manifest.json; sourceTree = "<group>"; };
		3C9201312FE193D50015358A /* dom-utils.js */ = {isa = PBXFileReference; lastKnownFileType = sourcecode.javascript; name = "dom-utils.js"; path = "Resources/dom-utils.js"; sourceTree = "<group>"; };
		3C9201322FE193D50015358A /* content-script.js */ = {isa = PBXFileReference; lastKnownFileType = sourcecode.javascript; name = "content-script.js"; path = "Resources/content-script.js"; sourceTree = "<group>"; };
		3C9201332FE193D50015358A /* options.html */ = {isa = PBXFileReference; lastKnownFileType = text.html; name = options.html; path = Resources/options.html; sourceTree = "<group>"; };
		3C9201342FE193D50015358A /* icon */ = {isa = PBXFileReference; lastKnownFileType = folder; name = icon; path = Resources/icon; sourceTree = "<group>"; };
		3C9201352FE193D50015358A /* zip.js */ = {isa = PBXFileReference; lastKnownFileType = sourcecode.javascript; name = zip.js; path = Resources/zip.js; sourceTree = "<group>"; };
		3C9201362FE193D50015358A /* extraction */ = {isa = PBXFileReference; lastKnownFileType = folder; name = extraction; path = Resources/extraction; sourceTree = "<group>"; };
		3C9201372FE193D50015358A /* options.css */ = {isa = PBXFileReference; lastKnownFileType = text.css; name = options.css; path = Resources/options.css; sourceTree = "<group>"; };
		3C9201382FE193D50015358A /* background-sw.js */ = {isa = PBXFileReference; lastKnownFileType = sourcecode.javascript; name = "background-sw.js"; path = "Resources/background-sw.js"; sourceTree = "<group>"; };
		3C9201392FE193D50015358A /* vendor */ = {isa = PBXFileReference; lastKnownFileType = folder; name = vendor; path = Resources/vendor; sourceTree = "<group>"; };
		3C92013A2FE193D50015358A /* vault */ = {isa = PBXFileReference; lastKnownFileType = folder; name = vault; path = Resources/vault; sourceTree = "<group>"; };
		3C92013B2FE193D50015358A /* storage.js */ = {isa = PBXFileReference; lastKnownFileType = sourcecode.javascript; name = storage.js; path = Resources/storage.js; sourceTree = "<group>"; };
/* End PBXFileReference section */

/* Begin PBXFrameworksBuildPhase section */
		3C9200EF2FE193D30015358A /* Frameworks */ = {
			isa = PBXFrameworksBuildPhase;
			buildActionMask = 2147483647;
			files = (
			);
			runOnlyForDeploymentPostprocessing = 0;
		};
		3C92010A2FE193D40015358A /* Frameworks */ = {
			isa = PBXFrameworksBuildPhase;
			buildActionMask = 2147483647;
			files = (
			);
			runOnlyForDeploymentPostprocessing = 0;
		};
/* End PBXFrameworksBuildPhase section */

/* Begin PBXGroup section */
		3C9200E92FE193D30015358A = {
			isa = PBXGroup;
			children = (
				3C9200F42FE193D30015358A /* Rakuzaichi */,
				3C9201112FE193D40015358A /* Rakuzaichi Extension */,
				3C9200F32FE193D30015358A /* Products */,
			);
			sourceTree = "<group>";
		};
		3C9200F32FE193D30015358A /* Products */ = {
			isa = PBXGroup;
			children = (
				3C9200F22FE193D30015358A /* Rakuzaichi.app */,
				3C92010D2FE193D40015358A /* Rakuzaichi Extension.appex */,
			);
			name = Products;
			sourceTree = "<group>";
		};
		3C9200F42FE193D30015358A /* Rakuzaichi */ = {
			isa = PBXGroup;
			children = (
				3C9200F52FE193D30015358A /* AppDelegate.swift */,
				3C9201012FE193D30015358A /* ViewController.swift */,
				3C9201032FE193D30015358A /* Main.storyboard */,
				3C9201062FE193D40015358A /* Assets.xcassets */,
				3C9201082FE193D40015358A /* Info.plist */,
				3C9200F72FE193D30015358A /* Resources */,
			);
			path = Rakuzaichi;
			sourceTree = "<group>";
		};
		3C9200F72FE193D30015358A /* Resources */ = {
			isa = PBXGroup;
			children = (
				3C9200F82FE193D30015358A /* Main.html */,
				3C9200FB2FE193D30015358A /* Icon.png */,
				3C9200FD2FE193D30015358A /* Style.css */,
				3C9200FF2FE193D30015358A /* Script.js */,
			);
			path = Resources;
			sourceTree = "<group>";
		};
		3C9201112FE193D40015358A /* Rakuzaichi Extension */ = {
			isa = PBXGroup;
			children = (
				3C92011E2FE193D50015358A /* Resources */,
				3C9201122FE193D40015358A /* SafariWebExtensionHandler.swift */,
				3C9201142FE193D40015358A /* Info.plist */,
			);
			path = "Rakuzaichi Extension";
			sourceTree = "<group>";
		};
		3C92011E2FE193D50015358A /* Resources */ = {
			isa = PBXGroup;
			children = (
				3C92011F2FE193D50015358A /* background-core.js */,
				3C9201202FE193D50015358A /* ui */,
				3C9201212FE193D50015358A /* options */,
				3C9201222FE193D50015358A /* platforms */,
				3C9201232FE193D50015358A /* popup.js */,
				3C9201242FE193D50015358A /* logger.js */,
				3C9201252FE193D50015358A /* obsidian-sync.js */,
				3C9201262FE193D50015358A /* styles.css */,
				3C9201272FE193D50015358A /* backup.js */,
				3C9201282FE193D50015358A /* popup.html */,
				3C9201292FE193D50015358A /* options.js */,
				3C92012A2FE193D50015358A /* compat.js */,
				3C92012B2FE193D50015358A /* threads */,
				3C92012C2FE193D50015358A /* converters.js */,
				3C92012D2FE193D50015358A /* schema.js */,
				3C92012E2FE193D50015358A /* history.js */,
				3C92012F2FE193D50015358A /* filename.js */,
				3C9201302FE193D50015358A /* manifest.json */,
				3C9201312FE193D50015358A /* dom-utils.js */,
				3C9201322FE193D50015358A /* content-script.js */,
				3C9201332FE193D50015358A /* options.html */,
				3C9201342FE193D50015358A /* icon */,
				3C9201352FE193D50015358A /* zip.js */,
				3C9201362FE193D50015358A /* extraction */,
				3C9201372FE193D50015358A /* options.css */,
				3C9201382FE193D50015358A /* background-sw.js */,
				3C9201392FE193D50015358A /* vendor */,
				3C92013A2FE193D50015358A /* vault */,
				3C92013B2FE193D50015358A /* storage.js */,
			);
			name = Resources;
			path = "Rakuzaichi Extension";
			sourceTree = SOURCE_ROOT;
		};
/* End PBXGroup section */

/* Begin PBXNativeTarget section */
		3C9200F12FE193D30015358A /* Rakuzaichi */ = {
			isa = PBXNativeTarget;
			buildConfigurationList = 3C92011B2FE193D40015358A /* Build configuration list for PBXNativeTarget "Rakuzaichi" */;
			buildPhases = (
				3C9200EE2FE193D30015358A /* Sources */,
				3C9200EF2FE193D30015358A /* Frameworks */,
				3C9200F02FE193D30015358A /* Resources */,
				3C92011A2FE193D40015358A /* Embed Foundation Extensions */,
			);
			buildRules = (
			);
			dependencies = (
				3C9201102FE193D40015358A /* PBXTargetDependency */,
			);
			name = Rakuzaichi;
			packageProductDependencies = (
			);
			productName = Rakuzaichi;
			productReference = 3C9200F22FE193D30015358A /* Rakuzaichi.app */;
			productType = "com.apple.product-type.application";
		};
		3C92010C2FE193D40015358A /* Rakuzaichi Extension */ = {
			isa = PBXNativeTarget;
			buildConfigurationList = 3C9201172FE193D40015358A /* Build configuration list for PBXNativeTarget "Rakuzaichi Extension" */;
			buildPhases = (
				3C9201092FE193D40015358A /* Sources */,
				3C92010A2FE193D40015358A /* Frameworks */,
				3C92010B2FE193D40015358A /* Resources */,
			);
			buildRules = (
			);
			dependencies = (
			);
			name = "Rakuzaichi Extension";
			packageProductDependencies = (
			);
			productName = "Rakuzaichi Extension";
			productReference = 3C92010D2FE193D40015358A /* Rakuzaichi Extension.appex */;
			productType = "com.apple.product-type.app-extension";
		};
/* End PBXNativeTarget section */

/* Begin PBXProject section */
		3C9200EA2FE193D30015358A /* Project object */ = {
			isa = PBXProject;
			attributes = {
				BuildIndependentTargetsInParallel = 1;
				LastSwiftUpdateCheck = 2650;
				LastUpgradeCheck = 2650;
				TargetAttributes = {
					3C9200F12FE193D30015358A = {
						CreatedOnToolsVersion = 26.5;
					};
					3C92010C2FE193D40015358A = {
						CreatedOnToolsVersion = 26.5;
					};
				};
			};
			buildConfigurationList = 3C9200ED2FE193D30015358A /* Build configuration list for PBXProject "Rakuzaichi" */;
			developmentRegion = en;
			hasScannedForEncodings = 0;
			knownRegions = (
				en,
				Base,
			);
			mainGroup = 3C9200E92FE193D30015358A;
			minimizedProjectReferenceProxies = 1;
			preferredProjectObjectVersion = 77;
			productRefGroup = 3C9200F32FE193D30015358A /* Products */;
			projectDirPath = "";
			projectRoot = "";
			targets = (
				3C9200F12FE193D30015358A /* Rakuzaichi */,
				3C92010C2FE193D40015358A /* Rakuzaichi Extension */,
			);
		};
/* End PBXProject section */

/* Begin PBXResourcesBuildPhase section */
		3C9200F02FE193D30015358A /* Resources */ = {
			isa = PBXResourcesBuildPhase;
			buildActionMask = 2147483647;
			files = (
				3C9200FC2FE193D30015358A /* Icon.png in Resources */,
				3C9201052FE193D30015358A /* Main.storyboard in Resources */,
				3C9201002FE193D30015358A /* Script.js in Resources */,
				3C9200FA2FE193D30015358A /* Main.html in Resources */,
				3C9201072FE193D40015358A /* Assets.xcassets in Resources */,
				3C9200FE2FE193D30015358A /* Style.css in Resources */,
			);
			runOnlyForDeploymentPostprocessing = 0;
		};
		3C92010B2FE193D40015358A /* Resources */ = {
			isa = PBXResourcesBuildPhase;
			buildActionMask = 2147483647;
			files = (
				3C9201472FE193D50015358A /* compat.js in Resources */,
				3C9201492FE193D50015358A /* converters.js in Resources */,
				3C9201442FE193D50015358A /* backup.js in Resources */,
				3C9201452FE193D50015358A /* popup.html in Resources */,
				3C92014D2FE193D50015358A /* manifest.json in Resources */,
				3C9201512FE193D50015358A /* icon in Resources */,
				3C92014F2FE193D50015358A /* content-script.js in Resources */,
				3C92014C2FE193D50015358A /* filename.js in Resources */,
				3C9201422FE193D50015358A /* obsidian-sync.js in Resources */,
				3C9201462FE193D50015358A /* options.js in Resources */,
				3C9201482FE193D50015358A /* threads in Resources */,
				3C92014B2FE193D50015358A /* history.js in Resources */,
				3C9201522FE193D50015358A /* zip.js in Resources */,
				3C92013E2FE193D50015358A /* options in Resources */,
				3C92013F2FE193D50015358A /* platforms in Resources */,
				3C9201402FE193D50015358A /* popup.js in Resources */,
				3C9201502FE193D50015358A /* options.html in Resources */,
				3C9201572FE193D50015358A /* vault in Resources */,
				3C92014A2FE193D50015358A /* schema.js in Resources */,
				3C9201562FE193D50015358A /* vendor in Resources */,
				3C92013D2FE193D50015358A /* ui in Resources */,
				3C9201582FE193D50015358A /* storage.js in Resources */,
				3C9201532FE193D50015358A /* extraction in Resources */,
				3C9201432FE193D50015358A /* styles.css in Resources */,
				3C9201412FE193D50015358A /* logger.js in Resources */,
				3C9201542FE193D50015358A /* options.css in Resources */,
				3C92013C2FE193D50015358A /* background-core.js in Resources */,
				3C9201552FE193D50015358A /* background-sw.js in Resources */,
				3C92014E2FE193D50015358A /* dom-utils.js in Resources */,
			);
			runOnlyForDeploymentPostprocessing = 0;
		};
/* End PBXResourcesBuildPhase section */

/* Begin PBXSourcesBuildPhase section */
		3C9200EE2FE193D30015358A /* Sources */ = {
			isa = PBXSourcesBuildPhase;
			buildActionMask = 2147483647;
			files = (
				3C9201022FE193D30015358A /* ViewController.swift in Sources */,
				3C9200F62FE193D30015358A /* AppDelegate.swift in Sources */,
			);
			runOnlyForDeploymentPostprocessing = 0;
		};
		3C9201092FE193D40015358A /* Sources */ = {
			isa = PBXSourcesBuildPhase;
			buildActionMask = 2147483647;
			files = (
				3C9201132FE193D40015358A /* SafariWebExtensionHandler.swift in Sources */,
			);
			runOnlyForDeploymentPostprocessing = 0;
		};
/* End PBXSourcesBuildPhase section */

/* Begin PBXTargetDependency section */
		3C9201102FE193D40015358A /* PBXTargetDependency */ = {
			isa = PBXTargetDependency;
			target = 3C92010C2FE193D40015358A /* Rakuzaichi Extension */;
			targetProxy = 3C92010F2FE193D40015358A /* PBXContainerItemProxy */;
		};
/* End PBXTargetDependency section */

/* Begin PBXVariantGroup section */
		3C9200F82FE193D30015358A /* Main.html */ = {
			isa = PBXVariantGroup;
			children = (
				3C9200F92FE193D30015358A /* Base */,
			);
			name = Main.html;
			sourceTree = "<group>";
		};
		3C9201032FE193D30015358A /* Main.storyboard */ = {
			isa = PBXVariantGroup;
			children = (
				3C9201042FE193D30015358A /* Base */,
			);
			name = Main.storyboard;
			sourceTree = "<group>";
		};
/* End PBXVariantGroup section */

/* Begin XCBuildConfiguration section */
		3C9201152FE193D40015358A /* Debug */ = {
			isa = XCBuildConfiguration;
			buildSettings = {
				ALWAYS_SEARCH_USER_PATHS = NO;
				ASSETCATALOG_COMPILER_GENERATE_SWIFT_ASSET_SYMBOL_EXTENSIONS = YES;
				CLANG_ANALYZER_NONNULL = YES;
				CLANG_ANALYZER_NUMBER_OBJECT_CONVERSION = YES_AGGRESSIVE;
				CLANG_CXX_LANGUAGE_STANDARD = "gnu++20";
				CLANG_ENABLE_MODULES = YES;
				CLANG_ENABLE_OBJC_ARC = YES;
				CLANG_ENABLE_OBJC_WEAK = YES;
				CLANG_WARN_BLOCK_CAPTURE_AUTORELEASING = YES;
				CLANG_WARN_BOOL_CONVERSION = YES;
				CLANG_WARN_COMMA = YES;
				CLANG_WARN_CONSTANT_CONVERSION = YES;
				CLANG_WARN_DEPRECATED_OBJC_IMPLEMENTATIONS = YES;
				CLANG_WARN_DIRECT_OBJC_ISA_USAGE = YES_ERROR;
				CLANG_WARN_DOCUMENTATION_COMMENTS = YES;
				CLANG_WARN_EMPTY_BODY = YES;
				CLANG_WARN_ENUM_CONVERSION = YES;
				CLANG_WARN_INFINITE_RECURSION = YES;
				CLANG_WARN_INT_CONVERSION = YES;
				CLANG_WARN_NON_LITERAL_NULL_CONVERSION = YES;
				CLANG_WARN_OBJC_IMPLICIT_RETAIN_SELF = YES;
				CLANG_WARN_OBJC_LITERAL_CONVERSION = YES;
				CLANG_WARN_OBJC_ROOT_CLASS = YES_ERROR;
				CLANG_WARN_QUOTED_INCLUDE_IN_FRAMEWORK_HEADER = YES;
				CLANG_WARN_RANGE_LOOP_ANALYSIS = YES;
				CLANG_WARN_STRICT_PROTOTYPES = YES;
				CLANG_WARN_SUSPICIOUS_MOVE = YES;
				CLANG_WARN_UNGUARDED_AVAILABILITY = YES_AGGRESSIVE;
				CLANG_WARN_UNREACHABLE_CODE = YES;
				CLANG_WARN__DUPLICATE_METHOD_MATCH = YES;
				COPY_PHASE_STRIP = NO;
				DEBUG_INFORMATION_FORMAT = dwarf;
				ENABLE_STRICT_OBJC_MSGSEND = YES;
				ENABLE_TESTABILITY = YES;
				ENABLE_USER_SCRIPT_SANDBOXING = YES;
				GCC_C_LANGUAGE_STANDARD = gnu17;
				GCC_DYNAMIC_NO_PIC = NO;
				GCC_NO_COMMON_BLOCKS = YES;
				GCC_OPTIMIZATION_LEVEL = 0;
				GCC_PREPROCESSOR_DEFINITIONS = (
					"DEBUG=1",
					"$(inherited)",
				);
				GCC_WARN_64_TO_32_BIT_CONVERSION = YES;
				GCC_WARN_ABOUT_RETURN_TYPE = YES_ERROR;
				GCC_WARN_UNDECLARED_SELECTOR = YES;
				GCC_WARN_UNINITIALIZED_AUTOS = YES_AGGRESSIVE;
				GCC_WARN_UNUSED_FUNCTION = YES;
				GCC_WARN_UNUSED_VARIABLE = YES;
				LOCALIZATION_PREFERS_STRING_CATALOGS = YES;
				MACOSX_DEPLOYMENT_TARGET = 26.5;
				MTL_ENABLE_DEBUG_INFO = INCLUDE_SOURCE;
				MTL_FAST_MATH = YES;
				ONLY_ACTIVE_ARCH = YES;
				SDKROOT = macosx;
				SWIFT_ACTIVE_COMPILATION_CONDITIONS = "DEBUG $(inherited)";
				SWIFT_OPTIMIZATION_LEVEL = "-Onone";
			};
			name = Debug;
		};
		3C9201162FE193D40015358A /* Release */ = {
			isa = XCBuildConfiguration;
			buildSettings = {
				ALWAYS_SEARCH_USER_PATHS = NO;
				ASSETCATALOG_COMPILER_GENERATE_SWIFT_ASSET_SYMBOL_EXTENSIONS = YES;
				CLANG_ANALYZER_NONNULL = YES;
				CLANG_ANALYZER_NUMBER_OBJECT_CONVERSION = YES_AGGRESSIVE;
				CLANG_CXX_LANGUAGE_STANDARD = "gnu++20";
				CLANG_ENABLE_MODULES = YES;
				CLANG_ENABLE_OBJC_ARC = YES;
				CLANG_ENABLE_OBJC_WEAK = YES;
				CLANG_WARN_BLOCK_CAPTURE_AUTORELEASING = YES;
				CLANG_WARN_BOOL_CONVERSION = YES;
				CLANG_WARN_COMMA = YES;
				CLANG_WARN_CONSTANT_CONVERSION = YES;
				CLANG_WARN_DEPRECATED_OBJC_IMPLEMENTATIONS = YES;
				CLANG_WARN_DIRECT_OBJC_ISA_USAGE = YES_ERROR;
				CLANG_WARN_DOCUMENTATION_COMMENTS = YES;
				CLANG_WARN_EMPTY_BODY = YES;
				CLANG_WARN_ENUM_CONVERSION = YES;
				CLANG_WARN_INFINITE_RECURSION = YES;
				CLANG_WARN_INT_CONVERSION = YES;
				CLANG_WARN_NON_LITERAL_NULL_CONVERSION = YES;
				CLANG_WARN_OBJC_IMPLICIT_RETAIN_SELF = YES;
				CLANG_WARN_OBJC_LITERAL_CONVERSION = YES;
				CLANG_WARN_OBJC_ROOT_CLASS = YES_ERROR;
				CLANG_WARN_QUOTED_INCLUDE_IN_FRAMEWORK_HEADER = YES;
				CLANG_WARN_RANGE_LOOP_ANALYSIS = YES;
				CLANG_WARN_STRICT_PROTOTYPES = YES;
				CLANG_WARN_SUSPICIOUS_MOVE = YES;
				CLANG_WARN_UNGUARDED_AVAILABILITY = YES_AGGRESSIVE;
				CLANG_WARN_UNREACHABLE_CODE = YES;
				CLANG_WARN__DUPLICATE_METHOD_MATCH = YES;
				COPY_PHASE_STRIP = NO;
				DEBUG_INFORMATION_FORMAT = "dwarf-with-dsym";
				ENABLE_NS_ASSERTIONS = NO;
				ENABLE_STRICT_OBJC_MSGSEND = YES;
				ENABLE_USER_SCRIPT_SANDBOXING = YES;
				GCC_C_LANGUAGE_STANDARD = gnu17;
				GCC_NO_COMMON_BLOCKS = YES;
				GCC_WARN_64_TO_32_BIT_CONVERSION = YES;
				GCC_WARN_ABOUT_RETURN_TYPE = YES_ERROR;
				GCC_WARN_UNDECLARED_SELECTOR = YES;
				GCC_WARN_UNINITIALIZED_AUTOS = YES_AGGRESSIVE;
				GCC_WARN_UNUSED_FUNCTION = YES;
				GCC_WARN_UNUSED_VARIABLE = YES;
				LOCALIZATION_PREFERS_STRING_CATALOGS = YES;
				MACOSX_DEPLOYMENT_TARGET = 26.5;
				MTL_ENABLE_DEBUG_INFO = NO;
				MTL_FAST_MATH = YES;
				SDKROOT = macosx;
				SWIFT_COMPILATION_MODE = wholemodule;
			};
			name = Release;
		};
		3C9201182FE193D40015358A /* Debug */ = {
			isa = XCBuildConfiguration;
			buildSettings = {
				CODE_SIGN_STYLE = Automatic;
				CURRENT_PROJECT_VERSION = 1;
				ENABLE_APP_SANDBOX = YES;
				ENABLE_HARDENED_RUNTIME = YES;
				ENABLE_USER_SELECTED_FILES = readonly;
				GENERATE_INFOPLIST_FILE = YES;
				INFOPLIST_FILE = "Rakuzaichi Extension/Info.plist";
				INFOPLIST_KEY_CFBundleDisplayName = "Rakuzaichi Extension";
				INFOPLIST_KEY_NSHumanReadableCopyright = "";
				LD_RUNPATH_SEARCH_PATHS = (
					"$(inherited)",
					"@executable_path/../Frameworks",
					"@executable_path/../../../../Frameworks",
				);
				MACOSX_DEPLOYMENT_TARGET = 10.14;
				MARKETING_VERSION = 1.0;
				OTHER_LDFLAGS = (
					"-framework",
					SafariServices,
				);
				PRODUCT_BUNDLE_IDENTIFIER = com.gabrielongzm.rakuzaichi.Extension;
				PRODUCT_NAME = "$(TARGET_NAME)";
				SKIP_INSTALL = YES;
				STRING_CATALOG_GENERATE_SYMBOLS = YES;
				SWIFT_APPROACHABLE_CONCURRENCY = YES;
				SWIFT_EMIT_LOC_STRINGS = YES;
				SWIFT_UPCOMING_FEATURE_MEMBER_IMPORT_VISIBILITY = YES;
				SWIFT_VERSION = 5.0;
			};
			name = Debug;
		};
		3C9201192FE193D40015358A /* Release */ = {
			isa = XCBuildConfiguration;
			buildSettings = {
				CODE_SIGN_STYLE = Automatic;
				CURRENT_PROJECT_VERSION = 1;
				ENABLE_APP_SANDBOX = YES;
				ENABLE_HARDENED_RUNTIME = YES;
				ENABLE_USER_SELECTED_FILES = readonly;
				GENERATE_INFOPLIST_FILE = YES;
				INFOPLIST_FILE = "Rakuzaichi Extension/Info.plist";
				INFOPLIST_KEY_CFBundleDisplayName = "Rakuzaichi Extension";
				INFOPLIST_KEY_NSHumanReadableCopyright = "";
				LD_RUNPATH_SEARCH_PATHS = (
					"$(inherited)",
					"@executable_path/../Frameworks",
					"@executable_path/../../../../Frameworks",
				);
				MACOSX_DEPLOYMENT_TARGET = 10.14;
				MARKETING_VERSION = 1.0;
				OTHER_LDFLAGS = (
					"-framework",
					SafariServices,
				);
				PRODUCT_BUNDLE_IDENTIFIER = com.gabrielongzm.rakuzaichi.Extension;
				PRODUCT_NAME = "$(TARGET_NAME)";
				SKIP_INSTALL = YES;
				STRING_CATALOG_GENERATE_SYMBOLS = YES;
				SWIFT_APPROACHABLE_CONCURRENCY = YES;
				SWIFT_EMIT_LOC_STRINGS = YES;
				SWIFT_UPCOMING_FEATURE_MEMBER_IMPORT_VISIBILITY = YES;
				SWIFT_VERSION = 5.0;
			};
			name = Release;
		};
		3C92011C2FE193D40015358A /* Debug */ = {
			isa = XCBuildConfiguration;
			buildSettings = {
				ASSETCATALOG_COMPILER_APPICON_NAME = AppIcon;
				ASSETCATALOG_COMPILER_GLOBAL_ACCENT_COLOR_NAME = AccentColor;
				CODE_SIGN_STYLE = Automatic;
				COMBINE_HIDPI_IMAGES = YES;
				CURRENT_PROJECT_VERSION = 1;
				ENABLE_APP_SANDBOX = YES;
				ENABLE_HARDENED_RUNTIME = YES;
				ENABLE_OUTGOING_NETWORK_CONNECTIONS = YES;
				ENABLE_USER_SELECTED_FILES = readonly;
				GENERATE_INFOPLIST_FILE = YES;
				INFOPLIST_FILE = Rakuzaichi/Info.plist;
				INFOPLIST_KEY_CFBundleDisplayName = Rakuzaichi;
				INFOPLIST_KEY_NSHumanReadableCopyright = "";
				INFOPLIST_KEY_NSMainStoryboardFile = Main;
				INFOPLIST_KEY_NSPrincipalClass = NSApplication;
				LD_RUNPATH_SEARCH_PATHS = (
					"$(inherited)",
					"@executable_path/../Frameworks",
				);
				MARKETING_VERSION = 1.0;
				OTHER_LDFLAGS = (
					"-framework",
					SafariServices,
					"-framework",
					WebKit,
				);
				PRODUCT_BUNDLE_IDENTIFIER = com.gabrielongzm.rakuzaichi;
				PRODUCT_NAME = "$(TARGET_NAME)";
				REGISTER_APP_GROUPS = YES;
				STRING_CATALOG_GENERATE_SYMBOLS = YES;
				SWIFT_APPROACHABLE_CONCURRENCY = YES;
				SWIFT_DEFAULT_ACTOR_ISOLATION = MainActor;
				SWIFT_EMIT_LOC_STRINGS = YES;
				SWIFT_UPCOMING_FEATURE_MEMBER_IMPORT_VISIBILITY = YES;
				SWIFT_VERSION = 5.0;
			};
			name = Debug;
		};
		3C92011D2FE193D40015358A /* Release */ = {
			isa = XCBuildConfiguration;
			buildSettings = {
				ASSETCATALOG_COMPILER_APPICON_NAME = AppIcon;
				ASSETCATALOG_COMPILER_GLOBAL_ACCENT_COLOR_NAME = AccentColor;
				CODE_SIGN_STYLE = Automatic;
				COMBINE_HIDPI_IMAGES = YES;
				CURRENT_PROJECT_VERSION = 1;
				ENABLE_APP_SANDBOX = YES;
				ENABLE_HARDENED_RUNTIME = YES;
				ENABLE_OUTGOING_NETWORK_CONNECTIONS = YES;
				ENABLE_USER_SELECTED_FILES = readonly;
				GENERATE_INFOPLIST_FILE = YES;
				INFOPLIST_FILE = Rakuzaichi/Info.plist;
				INFOPLIST_KEY_CFBundleDisplayName = Rakuzaichi;
				INFOPLIST_KEY_NSHumanReadableCopyright = "";
				INFOPLIST_KEY_NSMainStoryboardFile = Main;
				INFOPLIST_KEY_NSPrincipalClass = NSApplication;
				LD_RUNPATH_SEARCH_PATHS = (
					"$(inherited)",
					"@executable_path/../Frameworks",
				);
				MARKETING_VERSION = 1.0;
				OTHER_LDFLAGS = (
					"-framework",
					SafariServices,
					"-framework",
					WebKit,
				);
				PRODUCT_BUNDLE_IDENTIFIER = com.gabrielongzm.rakuzaichi;
				PRODUCT_NAME = "$(TARGET_NAME)";
				REGISTER_APP_GROUPS = YES;
				STRING_CATALOG_GENERATE_SYMBOLS = YES;
				SWIFT_APPROACHABLE_CONCURRENCY = YES;
				SWIFT_DEFAULT_ACTOR_ISOLATION = MainActor;
				SWIFT_EMIT_LOC_STRINGS = YES;
				SWIFT_UPCOMING_FEATURE_MEMBER_IMPORT_VISIBILITY = YES;
				SWIFT_VERSION = 5.0;
			};
			name = Release;
		};
/* End XCBuildConfiguration section */

/* Begin XCConfigurationList section */
		3C9200ED2FE193D30015358A /* Build configuration list for PBXProject "Rakuzaichi" */ = {
			isa = XCConfigurationList;
			buildConfigurations = (
				3C9201152FE193D40015358A /* Debug */,
				3C9201162FE193D40015358A /* Release */,
			);
			defaultConfigurationIsVisible = 0;
			defaultConfigurationName = Release;
		};
		3C9201172FE193D40015358A /* Build configuration list for PBXNativeTarget "Rakuzaichi Extension" */ = {
			isa = XCConfigurationList;
			buildConfigurations = (
				3C9201182FE193D40015358A /* Debug */,
				3C9201192FE193D40015358A /* Release */,
			);
			defaultConfigurationIsVisible = 0;
			defaultConfigurationName = Release;
		};
		3C92011B2FE193D40015358A /* Build configuration list for PBXNativeTarget "Rakuzaichi" */ = {
			isa = XCConfigurationList;
			buildConfigurations = (
				3C92011C2FE193D40015358A /* Debug */,
				3C92011D2FE193D40015358A /* Release */,
			);
			defaultConfigurationIsVisible = 0;
			defaultConfigurationName = Release;
		};
/* End XCConfigurationList section */
	};
	rootObject = 3C9200EA2FE193D30015358A /* Project object */;
}
